
Microsoft Visual Studio Solution File, Format Version 9.00
# Visual Studio 2005
Project("{8BC9CEB8-8B4A-11D0-8D11-00A0C91BC942}") = "sxConsole", "sxConsole.vcproj", "{E27293E0-5E58-49E1-A2C5-27EC1D5232F6}"
	ProjectSection(ProjectDependencies) = postProject
		{7520084F-C31A-4C0C-ACE7-9BE930EDC600} = {7520084F-C31A-4C0C-ACE7-9BE930EDC600}
		{E1C1FBB3-5741-4900-A5BD-E47BA3C27CCF} = {E1C1FBB3-5741-4900-A5BD-E47BA3C27CCF}
	EndProjectSection
EndProject
Project("{8BC9CEB8-8B4A-11D0-8D11-00A0C91BC942}") = "sxlib", "..\sxLib\win32dll\sxlib.vcproj", "{E1C1FBB3-5741-4900-A5BD-E47BA3C27CCF}"
EndProject
Project("{8BC9CEB8-8B4A-11D0-8D11-00A0C91BC942}") = "sxEngine", "..\sxEngine\win32dll\sxEngine.vcproj", "{7520084F-C31A-4C0C-ACE7-9BE930EDC600}"
	ProjectSection(ProjectDependencies) = postProject
		{E1C1FBB3-5741-4900-A5BD-E47BA3C27CCF} = {E1C1FBB3-5741-4900-A5BD-E47BA3C27CCF}
	EndProjectSection
EndProject
Global
	GlobalSection(SolutionConfigurationPlatforms) = preSolution
		Debug|Win32 = Debug|Win32
		Release|Win32 = Release|Win32
	EndGlobalSection
	GlobalSection(ProjectConfigurationPlatforms) = postSolution
		{E27293E0-5E58-49E1-A2C5-27EC1D5232F6}.Debug|Win32.ActiveCfg = Debug|Win32
		{E27293E0-5E58-49E1-A2C5-27EC1D5232F6}.Debug|Win32.Build.0 = Debug|Win32
		{E27293E0-5E58-49E1-A2C5-27EC1D5232F6}.Release|Win32.ActiveCfg = Release|Win32
		{E27293E0-5E58-49E1-A2C5-27EC1D5232F6}.Release|Win32.Build.0 = Release|Win32
		{E1C1FBB3-5741-4900-A5BD-E47BA3C27CCF}.Debug|Win32.ActiveCfg = Debug|Win32
		{E1C1FBB3-5741-4900-A5BD-E47BA3C27CCF}.Debug|Win32.Build.0 = Debug|Win32
		{E1C1FBB3-5741-4900-A5BD-E47BA3C27CCF}.Release|Win32.ActiveCfg = Release|Win32
		{E1C1FBB3-5741-4900-A5BD-E47BA3C27CCF}.Release|Win32.Build.0 = Release|Win32
		{7520084F-C31A-4C0C-ACE7-9BE930EDC600}.Debug|Win32.ActiveCfg = Debug|Win32
		{7520084F-C31A-4C0C-ACE7-9BE930EDC600}.Debug|Win32.Build.0 = Debug|Win32
		{7520084F-C31A-4C0C-ACE7-9BE930EDC600}.Release|Win32.ActiveCfg = Release|Win32
		{7520084F-C31A-4C0C-ACE7-9BE930EDC600}.Release|Win32.Build.0 = Release|Win32
	EndGlobalSection
	GlobalSection(SolutionProperties) = preSolution
		HideSolutionNode = FALSE
	EndGlobalSection
EndGlobal
