
Microsoft Visual Studio Solution File, Format Version 12.00
# Visual Studio 2013
Project("{FAE04EC0-301F-11D3-BF4B-00C04F79EFBC}") = "UnityVS.test_unity.CSharp", "UnityVS.test_unity.CSharp.csproj", "{F190018A-3758-35E0-1249-6BDEA645DF71}"
EndProject
Global
	GlobalSection(SolutionConfigurationPlatforms) = preSolution
		Debug|Any CPU = Debug|Any CPU
		Release|Any CPU = Release|Any CPU
	EndGlobalSection
	GlobalSection(ProjectConfigurationPlatforms) = postSolution
		{F190018A-3758-35E0-1249-6BDEA645DF71}.Debug|Any CPU.ActiveCfg = Debug|Any CPU
		{F190018A-3758-35E0-1249-6BDEA645DF71}.Debug|Any CPU.Build.0 = Debug|Any CPU
		{F190018A-3758-35E0-1249-6BDEA645DF71}.Release|Any CPU.ActiveCfg = Release|Any CPU
		{F190018A-3758-35E0-1249-6BDEA645DF71}.Release|Any CPU.Build.0 = Release|Any CPU
	EndGlobalSection
	GlobalSection(SolutionProperties) = preSolution
		HideSolutionNode = FALSE
	EndGlobalSection
EndGlobal
