
Microsoft Visual Studio Solution File, Format Version 12.00
# Visual Studio 2013
Project("{FAE04EC0-301F-11D3-BF4B-00C04F79EFBC}") = "CrashArena.CSharp", "CrashArena.CSharp.csproj", "{A3F90DB3-4D2E-C1D6-E9C7-1C39103899E9}"
EndProject
Project("{FAE04EC0-301F-11D3-BF4B-00C04F79EFBC}") = "CrashArena.CSharp.Editor", "CrashArena.CSharp.Editor.csproj", "{47B14FE1-F88E-83DC-0FDA-84F4D4F2C3FB}"
EndProject
Global
	GlobalSection(SolutionConfigurationPlatforms) = preSolution
		Debug|Any CPU = Debug|Any CPU
		Release|Any CPU = Release|Any CPU
	EndGlobalSection
	GlobalSection(ProjectConfigurationPlatforms) = postSolution
		{A3F90DB3-4D2E-C1D6-E9C7-1C39103899E9}.Debug|Any CPU.ActiveCfg = Debug|Any CPU
		{A3F90DB3-4D2E-C1D6-E9C7-1C39103899E9}.Debug|Any CPU.Build.0 = Debug|Any CPU
		{A3F90DB3-4D2E-C1D6-E9C7-1C39103899E9}.Release|Any CPU.ActiveCfg = Release|Any CPU
		{A3F90DB3-4D2E-C1D6-E9C7-1C39103899E9}.Release|Any CPU.Build.0 = Release|Any CPU
		{47B14FE1-F88E-83DC-0FDA-84F4D4F2C3FB}.Debug|Any CPU.ActiveCfg = Debug|Any CPU
		{47B14FE1-F88E-83DC-0FDA-84F4D4F2C3FB}.Debug|Any CPU.Build.0 = Debug|Any CPU
		{47B14FE1-F88E-83DC-0FDA-84F4D4F2C3FB}.Release|Any CPU.ActiveCfg = Release|Any CPU
		{47B14FE1-F88E-83DC-0FDA-84F4D4F2C3FB}.Release|Any CPU.Build.0 = Release|Any CPU
	EndGlobalSection
	GlobalSection(SolutionProperties) = preSolution
		HideSolutionNode = FALSE
	EndGlobalSection
EndGlobal
