<?xml version="1.0" encoding="utf-8"?>
<Project ToolsVersion="4.0" xmlns="http://schemas.microsoft.com/developer/msbuild/2003">
  <ItemGroup>
    <Filter Include="Render">
      <UniqueIdentifier>{d8e0476f-a364-4aaf-b52c-eb1a3794fe99}</UniqueIdentifier>
    </Filter>
    <Filter Include="Render\API">
      <UniqueIdentifier>{654ecb0d-3201-4f77-8bd5-9313aa8a0e7b}</UniqueIdentifier>
    </Filter>
    <Filter Include="System">
      <UniqueIdentifier>{0623baa2-9dbb-4367-ba7b-2f91a080c05f}</UniqueIdentifier>
    </Filter>
    <Filter Include="Resource Files">
      <UniqueIdentifier>{ca434328-dddc-4b12-a554-80f189ad4a1f}</UniqueIdentifier>
    </Filter>
    <Filter Include="Core">
      <UniqueIdentifier>{d512fc50-ab45-432f-84e2-ee15741d69ea}</UniqueIdentifier>
    </Filter>
    <Filter Include="Core\Render">
      <UniqueIdentifier>{e06d102d-4501-4beb-8c63-870a97c15b5e}</UniqueIdentifier>
    </Filter>
    <Filter Include="Core\Scene">
      <UniqueIdentifier>{5bf2a055-6494-40d1-92b8-16a2fed5cf09}</UniqueIdentifier>
    </Filter>
    <Filter Include="Core\Node">
      <UniqueIdentifier>{57fec192-6306-4396-a06c-4b2d073b02ed}</UniqueIdentifier>
    </Filter>
    <Filter Include="GUI">
      <UniqueIdentifier>{c2edcfa4-4010-4923-aa15-78fb99738bcf}</UniqueIdentifier>
    </Filter>
    <Filter Include="Physics">
      <UniqueIdentifier>{57e31c6a-4af5-4293-9cb0-1a6800736229}</UniqueIdentifier>
    </Filter>
    <Filter Include="Script">
      <UniqueIdentifier>{eb9c0631-1ba8-412e-bc86-06fa8bfe4e12}</UniqueIdentifier>
    </Filter>
    <Filter Include="Input">
      <UniqueIdentifier>{0871443b-6183-4b9e-83ed-7e401ee320ed}</UniqueIdentifier>
    </Filter>
    <Filter Include="Sound">
      <UniqueIdentifier>{635f3484-0060-4c3b-8074-5ff34c859e90}</UniqueIdentifier>
    </Filter>
    <Filter Include="AI">
      <UniqueIdentifier>{652b66ef-90ec-4e9e-b141-530ab23ed5e8}</UniqueIdentifier>
    </Filter>
    <Filter Include="Common">
      <UniqueIdentifier>{97ca7fce-c5e9-4b29-a96a-f864fa950b96}</UniqueIdentifier>
    </Filter>
  </ItemGroup>
  <ItemGroup>
    <ClCompile Include="sxRender\sxAnimation.cpp">
      <Filter>Render</Filter>
    </ClCompile>
    <ClCompile Include="sxRender\sxAnimationController.cpp">
      <Filter>Render</Filter>
    </ClCompile>
    <ClCompile Include="sxRender\sxAnimationJoint.cpp">
      <Filter>Render</Filter>
    </ClCompile>
    <ClCompile Include="sxRender\sxGeometry.cpp">
      <Filter>Render</Filter>
    </ClCompile>
    <ClCompile Include="sxRender\sxMaterial.cpp">
      <Filter>Render</Filter>
    </ClCompile>
    <ClCompile Include="sxRender\sxShader.cpp">
      <Filter>Render</Filter>
    </ClCompile>
    <ClCompile Include="sxRender\sxShaderPool.cpp">
      <Filter>Render</Filter>
    </ClCompile>
    <ClCompile Include="sxRender\sxTexture.cpp">
      <Filter>Render</Filter>
    </ClCompile>
    <ClCompile Include="sxRender\sxDevice3D.cpp">
      <Filter>Render\API</Filter>
    </ClCompile>
    <ClCompile Include="sxRender\sxGeometry3D.cpp">
      <Filter>Render\API</Filter>
    </ClCompile>
    <ClCompile Include="sxRender\sxGeometry3DTool.cpp">
      <Filter>Render\API</Filter>
    </ClCompile>
    <ClCompile Include="sxRender\sxResource3D.cpp">
      <Filter>Render\API</Filter>
    </ClCompile>
    <ClCompile Include="sxRender\sxShader3D.cpp">
      <Filter>Render\API</Filter>
    </ClCompile>
    <ClCompile Include="sxRender\sxSurface3D.cpp">
      <Filter>Render\API</Filter>
    </ClCompile>
    <ClCompile Include="sxRender\sxTask3D.cpp">
      <Filter>Render\API</Filter>
    </ClCompile>
    <ClCompile Include="sxRender\sxTexture3D.cpp">
      <Filter>Render\API</Filter>
    </ClCompile>
    <ClCompile Include="sxRender\sxUI3D.cpp">
      <Filter>Render\API</Filter>
    </ClCompile>
    <ClCompile Include="sxSystem\sxFile.cpp">
      <Filter>System</Filter>
    </ClCompile>
    <ClCompile Include="sxSystem\sxFileMan.cpp">
      <Filter>System</Filter>
    </ClCompile>
    <ClCompile Include="sxSystem\sxLog.cpp">
      <Filter>System</Filter>
    </ClCompile>
    <ClCompile Include="sxSystem\sxSys.cpp">
      <Filter>System</Filter>
    </ClCompile>
    <ClCompile Include="sxSystem\sxTaskMan.cpp">
      <Filter>System</Filter>
    </ClCompile>
    <ClCompile Include="sxSystem\sxWindow.cpp">
      <Filter>System</Filter>
    </ClCompile>
    <ClCompile Include="sxSystem\sxZip.cpp">
      <Filter>System</Filter>
    </ClCompile>
    <ClCompile Include="sxCore\sxCore.cpp">
      <Filter>Core</Filter>
    </ClCompile>
    <ClCompile Include="sxCore\sxSettings.cpp">
      <Filter>Core</Filter>
    </ClCompile>
    <ClCompile Include="sxCore\sxCamera.cpp">
      <Filter>Core\Render</Filter>
    </ClCompile>
    <ClCompile Include="sxCore\sxCameraBlender.cpp">
      <Filter>Core\Render</Filter>
    </ClCompile>
    <ClCompile Include="sxCore\sxMaterialMan.cpp">
      <Filter>Core\Render</Filter>
    </ClCompile>
    <ClCompile Include="sxCore\sxPipeline_deferred.cpp">
      <Filter>Core\Render</Filter>
    </ClCompile>
    <ClCompile Include="sxCore\sxPipeline_forward.cpp">
      <Filter>Core\Render</Filter>
    </ClCompile>
    <ClCompile Include="sxCore\sxReflector_ground.cpp">
      <Filter>Core\Render</Filter>
    </ClCompile>
    <ClCompile Include="sxCore\sxRenderer.cpp">
      <Filter>Core\Render</Filter>
    </ClCompile>
    <ClCompile Include="sxCore\sxShaderStore.cpp">
      <Filter>Core\Render</Filter>
    </ClCompile>
    <ClCompile Include="sxCore\sxShadow_direction.cpp">
      <Filter>Core\Render</Filter>
    </ClCompile>
    <ClCompile Include="sxCore\sxScene.cpp">
      <Filter>Core\Scene</Filter>
    </ClCompile>
    <ClCompile Include="sxCore\sxSceneManager_SBVH.cpp">
      <Filter>Core\Scene</Filter>
    </ClCompile>
    <ClCompile Include="sxCore\sxAnimator.cpp">
      <Filter>Core\Node</Filter>
    </ClCompile>
    <ClCompile Include="sxCore\sxMesh.cpp">
      <Filter>Core\Node</Filter>
    </ClCompile>
    <ClCompile Include="sxCore\sxNode.cpp">
      <Filter>Core\Node</Filter>
    </ClCompile>
    <ClCompile Include="sxCore\sxNodeMember.cpp">
      <Filter>Core\Node</Filter>
    </ClCompile>
    <ClCompile Include="sxCore\sxParticle.cpp">
      <Filter>Core\Node</Filter>
    </ClCompile>
    <ClCompile Include="sxCore\sxPathNode.cpp">
      <Filter>Core\Node</Filter>
    </ClCompile>
    <ClCompile Include="sxCore\sxSound.cpp">
      <Filter>Core\Node</Filter>
    </ClCompile>
    <ClCompile Include="sxCore\sxTerrain.cpp">
      <Filter>Core\Node</Filter>
    </ClCompile>
    <ClCompile Include="sxGUI\sxButton.cpp">
      <Filter>GUI</Filter>
    </ClCompile>
    <ClCompile Include="sxGUI\sxCheckBox.cpp">
      <Filter>GUI</Filter>
    </ClCompile>
    <ClCompile Include="sxGUI\sxControl.cpp">
      <Filter>GUI</Filter>
    </ClCompile>
    <ClCompile Include="sxGUI\sxEditBox.cpp">
      <Filter>GUI</Filter>
    </ClCompile>
    <ClCompile Include="sxGUI\sxElement.cpp">
      <Filter>GUI</Filter>
    </ClCompile>
    <ClCompile Include="sxGUI\sxFont.cpp">
      <Filter>GUI</Filter>
    </ClCompile>
    <ClCompile Include="sxGUI\sxLabel.cpp">
      <Filter>GUI</Filter>
    </ClCompile>
    <ClCompile Include="sxGUI\sxPanel.cpp">
      <Filter>GUI</Filter>
    </ClCompile>
    <ClCompile Include="sxGUI\sxPanelEx.cpp">
      <Filter>GUI</Filter>
    </ClCompile>
    <ClCompile Include="sxGUI\sxProgressBar.cpp">
      <Filter>GUI</Filter>
    </ClCompile>
    <ClCompile Include="sxGUI\sxTrackBar.cpp">
      <Filter>GUI</Filter>
    </ClCompile>
    <ClCompile Include="sxGUI\sxTypesGUI.cpp">
      <Filter>GUI</Filter>
    </ClCompile>
    <ClCompile Include="sxPhysics\sxPhysics.cpp">
      <Filter>Physics</Filter>
    </ClCompile>
    <ClCompile Include="sxPhysics\sxRigid.cpp">
      <Filter>Physics</Filter>
    </ClCompile>
    <ClCompile Include="sxInput\sxInputClass.cpp">
      <Filter>Input</Filter>
    </ClCompile>
    <ClCompile Include="sxInput\sxJoystic_model_a.cpp">
      <Filter>Input</Filter>
    </ClCompile>
    <ClCompile Include="sxInput\sxKeyboard.cpp">
      <Filter>Input</Filter>
    </ClCompile>
    <ClCompile Include="sxInput\sxMouse.cpp">
      <Filter>Input</Filter>
    </ClCompile>
    <ClCompile Include="sxInput\sxMouse_editor.cpp">
      <Filter>Input</Filter>
    </ClCompile>
    <ClCompile Include="sxInput\sxTypesInput.cpp">
      <Filter>Input</Filter>
    </ClCompile>
    <ClCompile Include="sxSound\sxSoundData.cpp">
      <Filter>Sound</Filter>
    </ClCompile>
    <ClCompile Include="sxSound\sxSoundDevice.cpp">
      <Filter>Sound</Filter>
    </ClCompile>
    <ClCompile Include="sxSound\sxSoundPlayer.cpp">
      <Filter>Sound</Filter>
    </ClCompile>
    <ClCompile Include="sxCommon\sxMath.cpp">
      <Filter>Common</Filter>
    </ClCompile>
    <ClCompile Include="sxCommon\sxTool.cpp">
      <Filter>Common</Filter>
    </ClCompile>
    <ClCompile Include="sxCommon\sxWeightBlender.cpp">
      <Filter>Common</Filter>
    </ClCompile>
    <ClCompile Include="sxEngine.cpp" />
  </ItemGroup>
  <ItemGroup>
    <ClInclude Include="sxRender\sxAnimation.h">
      <Filter>Render</Filter>
    </ClInclude>
    <ClInclude Include="sxRender\sxAnimationController.h">
      <Filter>Render</Filter>
    </ClInclude>
    <ClInclude Include="sxRender\sxAnimationJoint.h">
      <Filter>Render</Filter>
    </ClInclude>
    <ClInclude Include="sxRender\sxGeometry.h">
      <Filter>Render</Filter>
    </ClInclude>
    <ClInclude Include="sxRender\sxMaterial.h">
      <Filter>Render</Filter>
    </ClInclude>
    <ClInclude Include="sxRender\sxRender.h">
      <Filter>Render</Filter>
    </ClInclude>
    <ClInclude Include="sxRender\sxRender_def.h">
      <Filter>Render</Filter>
    </ClInclude>
    <ClInclude Include="sxRender\sxShader.h">
      <Filter>Render</Filter>
    </ClInclude>
    <ClInclude Include="sxRender\sxShaderPool.h">
      <Filter>Render</Filter>
    </ClInclude>
    <ClInclude Include="sxRender\sxTexture.h">
      <Filter>Render</Filter>
    </ClInclude>
    <ClInclude Include="sxRender\sxTypes3D.h">
      <Filter>Render</Filter>
    </ClInclude>
    <ClInclude Include="sxRender\sxDevice3D.h">
      <Filter>Render\API</Filter>
    </ClInclude>
    <ClInclude Include="sxRender\sxGeometry3D.h">
      <Filter>Render\API</Filter>
    </ClInclude>
    <ClInclude Include="sxRender\sxGeometry3DTool.h">
      <Filter>Render\API</Filter>
    </ClInclude>
    <ClInclude Include="sxRender\sxResource3D.h">
      <Filter>Render\API</Filter>
    </ClInclude>
    <ClInclude Include="sxRender\sxShader3D.h">
      <Filter>Render\API</Filter>
    </ClInclude>
    <ClInclude Include="sxRender\sxSurface3D.h">
      <Filter>Render\API</Filter>
    </ClInclude>
    <ClInclude Include="sxRender\sxTask3D.h">
      <Filter>Render\API</Filter>
    </ClInclude>
    <ClInclude Include="sxRender\sxTexture3D.h">
      <Filter>Render\API</Filter>
    </ClInclude>
    <ClInclude Include="sxRender\sxUI3D.h">
      <Filter>Render\API</Filter>
    </ClInclude>
    <ClInclude Include="sxSystem\sxFile.h">
      <Filter>System</Filter>
    </ClInclude>
    <ClInclude Include="sxSystem\sxFileMan.h">
      <Filter>System</Filter>
    </ClInclude>
    <ClInclude Include="sxSystem\sxLog.h">
      <Filter>System</Filter>
    </ClInclude>
    <ClInclude Include="sxSystem\sxSys.h">
      <Filter>System</Filter>
    </ClInclude>
    <ClInclude Include="sxSystem\sxSystem.h">
      <Filter>System</Filter>
    </ClInclude>
    <ClInclude Include="sxSystem\sxSystem_def.h">
      <Filter>System</Filter>
    </ClInclude>
    <ClInclude Include="sxSystem\sxTaskMan.h">
      <Filter>System</Filter>
    </ClInclude>
    <ClInclude Include="sxSystem\sxWin6.h">
      <Filter>System</Filter>
    </ClInclude>
    <ClInclude Include="sxSystem\sxWindow.h">
      <Filter>System</Filter>
    </ClInclude>
    <ClInclude Include="sxSystem\sxZip.h">
      <Filter>System</Filter>
    </ClInclude>
    <ClInclude Include="resource.h">
      <Filter>Resource Files</Filter>
    </ClInclude>
    <ClInclude Include="sxCore\sxCore.h">
      <Filter>Core</Filter>
    </ClInclude>
    <ClInclude Include="sxCore\sxCore_def.h">
      <Filter>Core</Filter>
    </ClInclude>
    <ClInclude Include="sxCore\sxSettings.h">
      <Filter>Core</Filter>
    </ClInclude>
    <ClInclude Include="sxCore\sxTypes.h">
      <Filter>Core</Filter>
    </ClInclude>
    <ClInclude Include="sxCore\sxCamera.h">
      <Filter>Core\Render</Filter>
    </ClInclude>
    <ClInclude Include="sxCore\sxCameraBlender.h">
      <Filter>Core\Render</Filter>
    </ClInclude>
    <ClInclude Include="sxCore\sxMaterialMan.h">
      <Filter>Core\Render</Filter>
    </ClInclude>
    <ClInclude Include="sxCore\sxPipeline.h">
      <Filter>Core\Render</Filter>
    </ClInclude>
    <ClInclude Include="sxCore\sxPipeline_deferred.h">
      <Filter>Core\Render</Filter>
    </ClInclude>
    <ClInclude Include="sxCore\sxPipeline_forward.h">
      <Filter>Core\Render</Filter>
    </ClInclude>
    <ClInclude Include="sxCore\sxReflector_ground.h">
      <Filter>Core\Render</Filter>
    </ClInclude>
    <ClInclude Include="sxCore\sxRenderer.h">
      <Filter>Core\Render</Filter>
    </ClInclude>
    <ClInclude Include="sxCore\sxShaderStore.h">
      <Filter>Core\Render</Filter>
    </ClInclude>
    <ClInclude Include="sxCore\sxShadow_direction.h">
      <Filter>Core\Render</Filter>
    </ClInclude>
    <ClInclude Include="sxCore\sxScene.h">
      <Filter>Core\Scene</Filter>
    </ClInclude>
    <ClInclude Include="sxCore\sxSceneManager.h">
      <Filter>Core\Scene</Filter>
    </ClInclude>
    <ClInclude Include="sxCore\sxSceneManager_SBVH.h">
      <Filter>Core\Scene</Filter>
    </ClInclude>
    <ClInclude Include="sxCore\sxAnimator.h">
      <Filter>Core\Node</Filter>
    </ClInclude>
    <ClInclude Include="sxCore\sxMesh.h">
      <Filter>Core\Node</Filter>
    </ClInclude>
    <ClInclude Include="sxCore\sxNode.h">
      <Filter>Core\Node</Filter>
    </ClInclude>
    <ClInclude Include="sxCore\sxNodeMember.h">
      <Filter>Core\Node</Filter>
    </ClInclude>
    <ClInclude Include="sxCore\sxParticle.h">
      <Filter>Core\Node</Filter>
    </ClInclude>
    <ClInclude Include="sxCore\sxPathNode.h">
      <Filter>Core\Node</Filter>
    </ClInclude>
    <ClInclude Include="sxCore\sxSound.h">
      <Filter>Core\Node</Filter>
    </ClInclude>
    <ClInclude Include="sxCore\sxTerrain.h">
      <Filter>Core\Node</Filter>
    </ClInclude>
    <ClInclude Include="sxGUI\sxButton.h">
      <Filter>GUI</Filter>
    </ClInclude>
    <ClInclude Include="sxGUI\sxCheckBox.h">
      <Filter>GUI</Filter>
    </ClInclude>
    <ClInclude Include="sxGUI\sxControl.h">
      <Filter>GUI</Filter>
    </ClInclude>
    <ClInclude Include="sxGUI\sxEditBox.h">
      <Filter>GUI</Filter>
    </ClInclude>
    <ClInclude Include="sxGUI\sxElement.h">
      <Filter>GUI</Filter>
    </ClInclude>
    <ClInclude Include="sxGUI\sxFont.h">
      <Filter>GUI</Filter>
    </ClInclude>
    <ClInclude Include="sxGUI\sxGUI.h">
      <Filter>GUI</Filter>
    </ClInclude>
    <ClInclude Include="sxGUI\sxGUI_def.h">
      <Filter>GUI</Filter>
    </ClInclude>
    <ClInclude Include="sxGUI\sxLabel.h">
      <Filter>GUI</Filter>
    </ClInclude>
    <ClInclude Include="sxGUI\sxPanel.h">
      <Filter>GUI</Filter>
    </ClInclude>
    <ClInclude Include="sxGUI\sxPanelEx.h">
      <Filter>GUI</Filter>
    </ClInclude>
    <ClInclude Include="sxGUI\sxProgressBar.h">
      <Filter>GUI</Filter>
    </ClInclude>
    <ClInclude Include="sxGUI\sxTrackBar.h">
      <Filter>GUI</Filter>
    </ClInclude>
    <ClInclude Include="sxGUI\sxTypesGUI.h">
      <Filter>GUI</Filter>
    </ClInclude>
    <ClInclude Include="sxPhysics\sxPhysics.h">
      <Filter>Physics</Filter>
    </ClInclude>
    <ClInclude Include="sxPhysics\sxPhysics_def.h">
      <Filter>Physics</Filter>
    </ClInclude>
    <ClInclude Include="sxPhysics\sxRigid.h">
      <Filter>Physics</Filter>
    </ClInclude>
    <ClInclude Include="sxPhysics\sxTypesPhysics.h">
      <Filter>Physics</Filter>
    </ClInclude>
    <ClInclude Include="sxInput\sxInput.h">
      <Filter>Input</Filter>
    </ClInclude>
    <ClInclude Include="sxInput\sxInput_def.h">
      <Filter>Input</Filter>
    </ClInclude>
    <ClInclude Include="sxInput\sxInputClass.h">
      <Filter>Input</Filter>
    </ClInclude>
    <ClInclude Include="sxInput\sxJoystic_model_a.h">
      <Filter>Input</Filter>
    </ClInclude>
    <ClInclude Include="sxInput\sxKeyboard.h">
      <Filter>Input</Filter>
    </ClInclude>
    <ClInclude Include="sxInput\sxMouse.h">
      <Filter>Input</Filter>
    </ClInclude>
    <ClInclude Include="sxInput\sxMouse_editor.h">
      <Filter>Input</Filter>
    </ClInclude>
    <ClInclude Include="sxInput\sxTypesInput.h">
      <Filter>Input</Filter>
    </ClInclude>
    <ClInclude Include="sxSound\sxSound.h">
      <Filter>Sound</Filter>
    </ClInclude>
    <ClInclude Include="sxSound\sxSoundData.h">
      <Filter>Sound</Filter>
    </ClInclude>
    <ClInclude Include="sxSound\sxSoundDevice.h">
      <Filter>Sound</Filter>
    </ClInclude>
    <ClInclude Include="sxSound\sxSoundPlayer.h">
      <Filter>Sound</Filter>
    </ClInclude>
    <ClInclude Include="sxSound\sxTypesSound.h">
      <Filter>Sound</Filter>
    </ClInclude>
    <ClInclude Include="sxCommon\sxCommon.h">
      <Filter>Common</Filter>
    </ClInclude>
    <ClInclude Include="sxCommon\sxCommon_def.h">
      <Filter>Common</Filter>
    </ClInclude>
    <ClInclude Include="sxCommon\sxMath.h">
      <Filter>Common</Filter>
    </ClInclude>
    <ClInclude Include="sxCommon\sxTool.h">
      <Filter>Common</Filter>
    </ClInclude>
    <ClInclude Include="sxCommon\sxWeightBlender.h">
      <Filter>Common</Filter>
    </ClInclude>
    <ClInclude Include="sxEngine.h" />
  </ItemGroup>
  <ItemGroup>
    <ResourceCompile Include="sxEngine.rc">
      <Filter>Resource Files</Filter>
    </ResourceCompile>
  </ItemGroup>
</Project>